
Microsoft Visual Studio Solution File, Format Version 12.00
# Visual Studio 15
VisualStudioVersion = 15.0.28307.329
MinimumVisualStudioVersion = 10.0.40219.1
Project("{FAE04EC0-301F-11D3-BF4B-00C04F79EFBC}") = "UI", "UI\UI.csproj", "{84B158BC-096D-4ADE-9DDE-D75E7D0AE7DF}"
EndProject
Project("{FAE04EC0-301F-11D3-BF4B-00C04F79EFBC}") = "DATA", "DATA\DATA.csproj", "{EA647120-F63A-4F41-876A-C1F9D9B3BBA3}"
EndProject
Project("{FAE04EC0-301F-11D3-BF4B-00C04F79EFBC}") = "DAL", "DAL\DAL.csproj", "{3FF2EC9E-DD13-450F-A995-5EFD194A7E5E}"
EndProject
Global
	GlobalSection(SolutionConfigurationPlatforms) = preSolution
		Debug|Any CPU = Debug|Any CPU
		Release|Any CPU = Release|Any CPU
	EndGlobalSection
	GlobalSection(ProjectConfigurationPlatforms) = postSolution
		{84B158BC-096D-4ADE-9DDE-D75E7D0AE7DF}.Debug|Any CPU.ActiveCfg = Debug|Any CPU
		{84B158BC-096D-4ADE-9DDE-D75E7D0AE7DF}.Debug|Any CPU.Build.0 = Debug|Any CPU
		{84B158BC-096D-4ADE-9DDE-D75E7D0AE7DF}.Release|Any CPU.ActiveCfg = Release|Any CPU
		{84B158BC-096D-4ADE-9DDE-D75E7D0AE7DF}.Release|Any CPU.Build.0 = Release|Any CPU
		{EA647120-F63A-4F41-876A-C1F9D9B3BBA3}.Debug|Any CPU.ActiveCfg = Debug|Any CPU
		{EA647120-F63A-4F41-876A-C1F9D9B3BBA3}.Debug|Any CPU.Build.0 = Debug|Any CPU
		{EA647120-F63A-4F41-876A-C1F9D9B3BBA3}.Release|Any CPU.ActiveCfg = Release|Any CPU
		{EA647120-F63A-4F41-876A-C1F9D9B3BBA3}.Release|Any CPU.Build.0 = Release|Any CPU
		{3FF2EC9E-DD13-450F-A995-5EFD194A7E5E}.Debug|Any CPU.ActiveCfg = Debug|Any CPU
		{3FF2EC9E-DD13-450F-A995-5EFD194A7E5E}.Debug|Any CPU.Build.0 = Debug|Any CPU
		{3FF2EC9E-DD13-450F-A995-5EFD194A7E5E}.Release|Any CPU.ActiveCfg = Release|Any CPU
		{3FF2EC9E-DD13-450F-A995-5EFD194A7E5E}.Release|Any CPU.Build.0 = Release|Any CPU
	EndGlobalSection
	GlobalSection(SolutionProperties) = preSolution
		HideSolutionNode = FALSE
	EndGlobalSection
	GlobalSection(ExtensibilityGlobals) = postSolution
		SolutionGuid = {538283F5-2BA0-4824-9010-997D9F6733AD}
	EndGlobalSection
EndGlobal
