
Microsoft Visual Studio Solution File, Format Version 12.00
# Visual Studio 15
VisualStudioVersion = 15.0.27703.2018
MinimumVisualStudioVersion = 10.0.40219.1
Project("{FAE04EC0-301F-11D3-BF4B-00C04F79EFBC}") = "BlogSonUygulamaUI", "BlogSonUygulama\BlogSonUygulamaUI.csproj", "{F67B5616-4461-4A7E-8857-F71FE8448CE1}"
EndProject
Project("{FAE04EC0-301F-11D3-BF4B-00C04F79EFBC}") = "DATA", "DATA\DATA.csproj", "{87362C89-43ED-473F-93F4-22FD5D844406}"
EndProject
Project("{FAE04EC0-301F-11D3-BF4B-00C04F79EFBC}") = "DAL", "DAL\DAL.csproj", "{3D9C63AB-85DD-49E8-9FC2-16A6AD42D37B}"
EndProject
Global
	GlobalSection(SolutionConfigurationPlatforms) = preSolution
		Debug|Any CPU = Debug|Any CPU
		Release|Any CPU = Release|Any CPU
	EndGlobalSection
	GlobalSection(ProjectConfigurationPlatforms) = postSolution
		{F67B5616-4461-4A7E-8857-F71FE8448CE1}.Debug|Any CPU.ActiveCfg = Debug|Any CPU
		{F67B5616-4461-4A7E-8857-F71FE8448CE1}.Debug|Any CPU.Build.0 = Debug|Any CPU
		{F67B5616-4461-4A7E-8857-F71FE8448CE1}.Release|Any CPU.ActiveCfg = Release|Any CPU
		{F67B5616-4461-4A7E-8857-F71FE8448CE1}.Release|Any CPU.Build.0 = Release|Any CPU
		{87362C89-43ED-473F-93F4-22FD5D844406}.Debug|Any CPU.ActiveCfg = Debug|Any CPU
		{87362C89-43ED-473F-93F4-22FD5D844406}.Debug|Any CPU.Build.0 = Debug|Any CPU
		{87362C89-43ED-473F-93F4-22FD5D844406}.Release|Any CPU.ActiveCfg = Release|Any CPU
		{87362C89-43ED-473F-93F4-22FD5D844406}.Release|Any CPU.Build.0 = Release|Any CPU
		{3D9C63AB-85DD-49E8-9FC2-16A6AD42D37B}.Debug|Any CPU.ActiveCfg = Debug|Any CPU
		{3D9C63AB-85DD-49E8-9FC2-16A6AD42D37B}.Debug|Any CPU.Build.0 = Debug|Any CPU
		{3D9C63AB-85DD-49E8-9FC2-16A6AD42D37B}.Release|Any CPU.ActiveCfg = Release|Any CPU
		{3D9C63AB-85DD-49E8-9FC2-16A6AD42D37B}.Release|Any CPU.Build.0 = Release|Any CPU
	EndGlobalSection
	GlobalSection(SolutionProperties) = preSolution
		HideSolutionNode = FALSE
	EndGlobalSection
	GlobalSection(ExtensibilityGlobals) = postSolution
		SolutionGuid = {F76EB056-44B3-4E25-A3FC-ADD085584B51}
	EndGlobalSection
EndGlobal
