
Microsoft Visual Studio Solution File, Format Version 12.00
# Visual Studio 15
VisualStudioVersion = 15.0.28307.329
MinimumVisualStudioVersion = 10.0.40219.1
Project("{FAE04EC0-301F-11D3-BF4B-00C04F79EFBC}") = "BlogProjesi.UI", "BlogProjesi\BlogProjesi.UI.csproj", "{781DAF4A-8650-4D6F-87FF-A0B35F66E977}"
EndProject
Project("{FAE04EC0-301F-11D3-BF4B-00C04F79EFBC}") = "BlogProjesi.DAL", "BlogProjesi.DAL\BlogProjesi.DAL.csproj", "{6582C1F6-38D3-4A7E-95B5-2DB8478B87D6}"
EndProject
Project("{FAE04EC0-301F-11D3-BF4B-00C04F79EFBC}") = "BlogProje.DATA", "BlogProje.DATA\BlogProje.DATA.csproj", "{C59DDBF3-D658-408E-B568-C44D2AF00DC5}"
EndProject
Global
	GlobalSection(SolutionConfigurationPlatforms) = preSolution
		Debug|Any CPU = Debug|Any CPU
		Release|Any CPU = Release|Any CPU
	EndGlobalSection
	GlobalSection(ProjectConfigurationPlatforms) = postSolution
		{781DAF4A-8650-4D6F-87FF-A0B35F66E977}.Debug|Any CPU.ActiveCfg = Debug|Any CPU
		{781DAF4A-8650-4D6F-87FF-A0B35F66E977}.Debug|Any CPU.Build.0 = Debug|Any CPU
		{781DAF4A-8650-4D6F-87FF-A0B35F66E977}.Release|Any CPU.ActiveCfg = Release|Any CPU
		{781DAF4A-8650-4D6F-87FF-A0B35F66E977}.Release|Any CPU.Build.0 = Release|Any CPU
		{6582C1F6-38D3-4A7E-95B5-2DB8478B87D6}.Debug|Any CPU.ActiveCfg = Debug|Any CPU
		{6582C1F6-38D3-4A7E-95B5-2DB8478B87D6}.Debug|Any CPU.Build.0 = Debug|Any CPU
		{6582C1F6-38D3-4A7E-95B5-2DB8478B87D6}.Release|Any CPU.ActiveCfg = Release|Any CPU
		{6582C1F6-38D3-4A7E-95B5-2DB8478B87D6}.Release|Any CPU.Build.0 = Release|Any CPU
		{C59DDBF3-D658-408E-B568-C44D2AF00DC5}.Debug|Any CPU.ActiveCfg = Debug|Any CPU
		{C59DDBF3-D658-408E-B568-C44D2AF00DC5}.Debug|Any CPU.Build.0 = Debug|Any CPU
		{C59DDBF3-D658-408E-B568-C44D2AF00DC5}.Release|Any CPU.ActiveCfg = Release|Any CPU
		{C59DDBF3-D658-408E-B568-C44D2AF00DC5}.Release|Any CPU.Build.0 = Release|Any CPU
	EndGlobalSection
	GlobalSection(SolutionProperties) = preSolution
		HideSolutionNode = FALSE
	EndGlobalSection
	GlobalSection(ExtensibilityGlobals) = postSolution
		SolutionGuid = {3CF90A2A-AE54-4C09-A941-DF35BFDD7126}
	EndGlobalSection
EndGlobal
